
Microsoft Visual Studio Solution File, Format Version 12.00
# Visual Studio Version 17
VisualStudioVersion = 17.9.34701.34
MinimumVisualStudioVersion = 10.0.40219.1
Project("{FAE04EC0-301F-11D3-BF4B-00C04F79EFBC}") = "EnMachineAPI", "EnMachineAPI\EnMachineAPI.csproj", "{B2F2E7E2-22B8-4021-9571-7A488572D9E4}"
EndProject
Global
	GlobalSection(SolutionConfigurationPlatforms) = preSolution
		Debug|Any CPU = Debug|Any CPU
		Release|Any CPU = Release|Any CPU
	EndGlobalSection
	GlobalSection(ProjectConfigurationPlatforms) = postSolution
		{B2F2E7E2-22B8-4021-9571-7A488572D9E4}.Debug|Any CPU.ActiveCfg = Debug|Any CPU
		{B2F2E7E2-22B8-4021-9571-7A488572D9E4}.Debug|Any CPU.Build.0 = Debug|Any CPU
		{B2F2E7E2-22B8-4021-9571-7A488572D9E4}.Release|Any CPU.ActiveCfg = Release|Any CPU
		{B2F2E7E2-22B8-4021-9571-7A488572D9E4}.Release|Any CPU.Build.0 = Release|Any CPU
	EndGlobalSection
	GlobalSection(SolutionProperties) = preSolution
		HideSolutionNode = FALSE
	EndGlobalSection
	GlobalSection(ExtensibilityGlobals) = postSolution
		SolutionGuid = {69D40404-F95B-4CEF-BCA5-0550EF852EE5}
	EndGlobalSection
EndGlobal
